{
  "version": 4,
  "terraform_version": "1.12.2",
  "serial": 7,
  "lineage": "d1599b58-f882-ebbc-e5da-5dc715a73929",
  "outputs": {},
  "resources": [
    {
      "mode": "managed",
      "type": "azurerm_resource_group",
      "name": "bookhub",
      "provider": "provider[\"registry.terraform.io/hashicorp/azurerm\"]",
      "instances": [
        {
          "schema_version": 0,
          "attributes": {
            "id": "/subscriptions/727199d5-e58f-46c3-afe5-20bba32181f4/resourceGroups/bookhub_devops",
            "location": "centralindia",
            "managed_by": "",
            "name": "bookhub_devops",
            "tags": null,
            "timeouts": null
          },
          "sensitive_attributes": [],
          "identity_schema_version": 0,
          "private": "eyJlMmJmYjczMC1lY2FhLTExZTYtOGY4OC0zNDM2M2JjN2M0YzAiOnsiY3JlYXRlIjo1NDAwMDAwMDAwMDAwLCJkZWxldGUiOjU0MDAwMDAwMDAwMDAsInJlYWQiOjMwMDAwMDAwMDAwMCwidXBkYXRlIjo1NDAwMDAwMDAwMDAwfX0="
        }
      ]
    },
    {
      "module": "module.app_runner",
      "mode": "managed",
      "type": "azurerm_linux_web_app",
      "name": "bookhub_backend",
      "provider": "provider[\"registry.terraform.io/hashicorp/azurerm\"]",
      "instances": [
        {
          "schema_version": 1,
          "attributes": {
            "app_settings": {
              "MONGODB_URI": "mongodb+srv://Ialbertine250:11w4ZZWqbOiKI3i9@cluster0.txb5n5b.mongodb.net/bookhub?retryWrites=true\u0026w=majority\u0026appName=Cluster0",
              "NODE_ENV": "production",
              "WEBSITES_PORT": "5000"
            },
            "auth_settings": [],
            "auth_settings_v2": [],
            "backup": [],
            "client_affinity_enabled": false,
            "client_certificate_enabled": false,
            "client_certificate_exclusion_paths": "",
            "client_certificate_mode": "Required",
            "connection_string": [],
            "custom_domain_verification_id": "D49F7894D31FD2AF4171E09F71E34F5E37350BDC0CF5A2943FCD66435A718DB6",
            "default_hostname": "bookhub-backend-9r7f.azurewebsites.net",
            "enabled": true,
            "ftp_publish_basic_authentication_enabled": true,
            "hosting_environment_id": "",
            "https_only": false,
            "id": "/subscriptions/727199d5-e58f-46c3-afe5-20bba32181f4/resourceGroups/bookhub_devops/providers/Microsoft.Web/sites/bookhub-backend-9r7f",
            "identity": [],
            "key_vault_reference_identity_id": "SystemAssigned",
            "kind": "app,linux,container",
            "location": "centralindia",
            "logs": [],
            "name": "bookhub-backend-9r7f",
            "outbound_ip_address_list": [
              "20.204.238.18",
              "20.204.238.157",
              "20.204.238.159",
              "20.204.238.251",
              "20.204.239.74",
              "20.204.239.171",
              "20.204.68.117",
              "20.204.111.176",
              "20.204.144.238",
              "52.172.254.209",
              "52.172.252.64",
              "52.172.249.184",
              "20.192.98.161"
            ],
            "outbound_ip_addresses": "20.204.238.18,20.204.238.157,20.204.238.159,20.204.238.251,20.204.239.74,20.204.239.171,20.204.68.117,20.204.111.176,20.204.144.238,52.172.254.209,52.172.252.64,52.172.249.184,20.192.98.161",
            "possible_outbound_ip_address_list": [
              "20.204.238.18",
              "20.204.238.157",
              "20.204.238.159",
              "20.204.238.251",
              "20.204.239.74",
              "20.204.239.171",
              "20.204.68.117",
              "20.204.111.176",
              "20.204.144.238",
              "52.172.254.209",
              "52.172.252.64",
              "52.172.249.184",
              "20.198.118.232",
              "20.204.105.172",
              "20.204.110.167",
              "20.204.10.63",
              "20.204.65.82",
              "20.193.232.42",
              "20.204.11.162",
              "20.193.239.122",
              "20.204.148.42",
              "40.80.84.70",
              "20.193.229.53",
              "20.193.240.182",
              "20.204.222.100",
              "20.204.222.102",
              "20.204.222.116",
              "20.204.222.124",
              "20.204.222.129",
              "20.204.222.130",
              "20.192.98.161"
            ],
            "possible_outbound_ip_addresses": "20.204.238.18,20.204.238.157,20.204.238.159,20.204.238.251,20.204.239.74,20.204.239.171,20.204.68.117,20.204.111.176,20.204.144.238,52.172.254.209,52.172.252.64,52.172.249.184,20.198.118.232,20.204.105.172,20.204.110.167,20.204.10.63,20.204.65.82,20.193.232.42,20.204.11.162,20.193.239.122,20.204.148.42,40.80.84.70,20.193.229.53,20.193.240.182,20.204.222.100,20.204.222.102,20.204.222.116,20.204.222.124,20.204.222.129,20.204.222.130,20.192.98.161",
            "public_network_access_enabled": true,
            "resource_group_name": "bookhub_devops",
            "service_plan_id": "/subscriptions/727199d5-e58f-46c3-afe5-20bba32181f4/resourceGroups/bookhub_devops/providers/Microsoft.Web/serverFarms/bookhub-plan-9r7f",
            "site_config": [
              {
                "always_on": false,
                "api_definition_url": "",
                "api_management_api_id": "",
                "app_command_line": "",
                "application_stack": [
                  {
                    "docker_image": "ialbertine/bookhub-backend",
                    "docker_image_name": "",
                    "docker_image_tag": "latest",
                    "docker_registry_password": "",
                    "docker_registry_url": "",
                    "docker_registry_username": "",
                    "dotnet_version": "",
                    "go_version": "",
                    "java_server": "",
                    "java_server_version": "",
                    "java_version": "",
                    "node_version": "",
                    "php_version": "",
                    "python_version": "",
                    "ruby_version": ""
                  }
                ],
                "auto_heal_enabled": false,
                "auto_heal_setting": [],
                "container_registry_managed_identity_client_id": "",
                "container_registry_use_managed_identity": false,
                "cors": [],
                "default_documents": [
                  "Default.htm",
                  "Default.html",
                  "Default.asp",
                  "index.htm",
                  "index.html",
                  "iisstart.htm",
                  "default.aspx",
                  "index.php",
                  "hostingstart.html"
                ],
                "detailed_error_logging_enabled": false,
                "ftps_state": "Disabled",
                "health_check_eviction_time_in_min": 0,
                "health_check_path": "",
                "http2_enabled": false,
                "ip_restriction": [],
                "ip_restriction_default_action": "Allow",
                "linux_fx_version": "DOCKER|ialbertine/bookhub-backend:latest",
                "load_balancing_mode": "LeastRequests",
                "local_mysql_enabled": false,
                "managed_pipeline_mode": "Integrated",
                "minimum_tls_version": "1.2",
                "remote_debugging_enabled": false,
                "remote_debugging_version": "VS2022",
                "scm_ip_restriction": [],
                "scm_ip_restriction_default_action": "Allow",
                "scm_minimum_tls_version": "1.2",
                "scm_type": "None",
                "scm_use_main_ip_restriction": false,
                "use_32_bit_worker": true,
                "vnet_route_all_enabled": false,
                "websockets_enabled": false,
                "worker_count": 1
              }
            ],
            "site_credential": [
              {
                "name": "$bookhub-backend-9r7f",
                "password": "hFwcAKxGtC1uaNkvX2FfWZ1lgypR4yn38WgegR21kZfyEfbtmAwvvuqJ1Rxr"
              }
            ],
            "sticky_settings": [],
            "storage_account": [],
            "tags": null,
            "timeouts": null,
            "virtual_network_subnet_id": "",
            "webdeploy_publish_basic_authentication_enabled": true,
            "zip_deploy_file": ""
          },
          "sensitive_attributes": [
            [
              {
                "type": "get_attr",
                "value": "app_settings"
              },
              {
                "type": "index",
                "value": {
                  "value": "MONGODB_URI",
                  "type": "string"
                }
              }
            ],
            [
              {
                "type": "get_attr",
                "value": "custom_domain_verification_id"
              }
            ],
            [
              {
                "type": "get_attr",
                "value": "site_config"
              },
              {
                "type": "index",
                "value": {
                  "value": 0,
                  "type": "number"
                }
              },
              {
                "type": "get_attr",
                "value": "application_stack"
              },
              {
                "type": "index",
                "value": {
                  "value": 0,
                  "type": "number"
                }
              },
              {
                "type": "get_attr",
                "value": "docker_registry_password"
              }
            ],
            [
              {
                "type": "get_attr",
                "value": "site_credential"
              }
            ]
          ],
          "identity_schema_version": 0,
          "private": "eyJlMmJmYjczMC1lY2FhLTExZTYtOGY4OC0zNDM2M2JjN2M0YzAiOnsiY3JlYXRlIjoxODAwMDAwMDAwMDAwLCJkZWxldGUiOjE4MDAwMDAwMDAwMDAsInJlYWQiOjMwMDAwMDAwMDAwMCwidXBkYXRlIjoxODAwMDAwMDAwMDAwfSwic2NoZW1hX3ZlcnNpb24iOiIxIn0=",
          "dependencies": [
            "azurerm_resource_group.bookhub",
            "module.app_runner.azurerm_service_plan.bookhub",
            "module.app_runner.random_string.suffix"
          ]
        }
      ]
    },
    {
      "module": "module.app_runner",
      "mode": "managed",
      "type": "azurerm_linux_web_app",
      "name": "bookhub_frontend",
      "provider": "provider[\"registry.terraform.io/hashicorp/azurerm\"]",
      "instances": [
        {
          "schema_version": 1,
          "attributes": {
            "app_settings": {
              "API_URL": "https://bookhub-backend-9r7f.azurewebsites.net",
              "WEBSITES_PORT": "3000"
            },
            "auth_settings": [],
            "auth_settings_v2": [],
            "backup": [],
            "client_affinity_enabled": false,
            "client_certificate_enabled": false,
            "client_certificate_exclusion_paths": "",
            "client_certificate_mode": "Required",
            "connection_string": [],
            "custom_domain_verification_id": "D49F7894D31FD2AF4171E09F71E34F5E37350BDC0CF5A2943FCD66435A718DB6",
            "default_hostname": "bookhub-frontend-9r7f.azurewebsites.net",
            "enabled": true,
            "ftp_publish_basic_authentication_enabled": true,
            "hosting_environment_id": "",
            "https_only": false,
            "id": "/subscriptions/727199d5-e58f-46c3-afe5-20bba32181f4/resourceGroups/bookhub_devops/providers/Microsoft.Web/sites/bookhub-frontend-9r7f",
            "identity": [],
            "key_vault_reference_identity_id": "SystemAssigned",
            "kind": "app,linux,container",
            "location": "centralindia",
            "logs": [],
            "name": "bookhub-frontend-9r7f",
            "outbound_ip_address_list": [
              "20.204.238.18",
              "20.204.238.157",
              "20.204.238.159",
              "20.204.238.251",
              "20.204.239.74",
              "20.204.239.171",
              "20.204.68.117",
              "20.204.111.176",
              "20.204.144.238",
              "52.172.254.209",
              "52.172.252.64",
              "52.172.249.184",
              "20.192.98.161"
            ],
            "outbound_ip_addresses": "20.204.238.18,20.204.238.157,20.204.238.159,20.204.238.251,20.204.239.74,20.204.239.171,20.204.68.117,20.204.111.176,20.204.144.238,52.172.254.209,52.172.252.64,52.172.249.184,20.192.98.161",
            "possible_outbound_ip_address_list": [
              "20.204.238.18",
              "20.204.238.157",
              "20.204.238.159",
              "20.204.238.251",
              "20.204.239.74",
              "20.204.239.171",
              "20.204.68.117",
              "20.204.111.176",
              "20.204.144.238",
              "52.172.254.209",
              "52.172.252.64",
              "52.172.249.184",
              "20.198.118.232",
              "20.204.105.172",
              "20.204.110.167",
              "20.204.10.63",
              "20.204.65.82",
              "20.193.232.42",
              "20.204.11.162",
              "20.193.239.122",
              "20.204.148.42",
              "40.80.84.70",
              "20.193.229.53",
              "20.193.240.182",
              "20.204.222.100",
              "20.204.222.102",
              "20.204.222.116",
              "20.204.222.124",
              "20.204.222.129",
              "20.204.222.130",
              "20.192.98.161"
            ],
            "possible_outbound_ip_addresses": "20.204.238.18,20.204.238.157,20.204.238.159,20.204.238.251,20.204.239.74,20.204.239.171,20.204.68.117,20.204.111.176,20.204.144.238,52.172.254.209,52.172.252.64,52.172.249.184,20.198.118.232,20.204.105.172,20.204.110.167,20.204.10.63,20.204.65.82,20.193.232.42,20.204.11.162,20.193.239.122,20.204.148.42,40.80.84.70,20.193.229.53,20.193.240.182,20.204.222.100,20.204.222.102,20.204.222.116,20.204.222.124,20.204.222.129,20.204.222.130,20.192.98.161",
            "public_network_access_enabled": true,
            "resource_group_name": "bookhub_devops",
            "service_plan_id": "/subscriptions/727199d5-e58f-46c3-afe5-20bba32181f4/resourceGroups/bookhub_devops/providers/Microsoft.Web/serverFarms/bookhub-plan-9r7f",
            "site_config": [
              {
                "always_on": false,
                "api_definition_url": "",
                "api_management_api_id": "",
                "app_command_line": "",
                "application_stack": [
                  {
                    "docker_image": "ialbertine/bookhub-frontend",
                    "docker_image_name": "",
                    "docker_image_tag": "latest",
                    "docker_registry_password": "",
                    "docker_registry_url": "",
                    "docker_registry_username": "",
                    "dotnet_version": "",
                    "go_version": "",
                    "java_server": "",
                    "java_server_version": "",
                    "java_version": "",
                    "node_version": "",
                    "php_version": "",
                    "python_version": "",
                    "ruby_version": ""
                  }
                ],
                "auto_heal_enabled": false,
                "auto_heal_setting": [],
                "container_registry_managed_identity_client_id": "",
                "container_registry_use_managed_identity": false,
                "cors": [],
                "default_documents": [
                  "Default.htm",
                  "Default.html",
                  "Default.asp",
                  "index.htm",
                  "index.html",
                  "iisstart.htm",
                  "default.aspx",
                  "index.php",
                  "hostingstart.html"
                ],
                "detailed_error_logging_enabled": false,
                "ftps_state": "Disabled",
                "health_check_eviction_time_in_min": 0,
                "health_check_path": "",
                "http2_enabled": false,
                "ip_restriction": [],
                "ip_restriction_default_action": "Allow",
                "linux_fx_version": "DOCKER|ialbertine/bookhub-frontend:latest",
                "load_balancing_mode": "LeastRequests",
                "local_mysql_enabled": false,
                "managed_pipeline_mode": "Integrated",
                "minimum_tls_version": "1.2",
                "remote_debugging_enabled": false,
                "remote_debugging_version": "VS2022",
                "scm_ip_restriction": [],
                "scm_ip_restriction_default_action": "Allow",
                "scm_minimum_tls_version": "1.2",
                "scm_type": "None",
                "scm_use_main_ip_restriction": false,
                "use_32_bit_worker": true,
                "vnet_route_all_enabled": false,
                "websockets_enabled": false,
                "worker_count": 1
              }
            ],
            "site_credential": [
              {
                "name": "$bookhub-frontend-9r7f",
                "password": "C9672dNrhjZTYt8evlFspNABhWLLkriGerzQBK2mF6GidJ2nRExMeasX2kDc"
              }
            ],
            "sticky_settings": [],
            "storage_account": [],
            "tags": null,
            "timeouts": null,
            "virtual_network_subnet_id": "",
            "webdeploy_publish_basic_authentication_enabled": true,
            "zip_deploy_file": ""
          },
          "sensitive_attributes": [
            [
              {
                "type": "get_attr",
                "value": "custom_domain_verification_id"
              }
            ],
            [
              {
                "type": "get_attr",
                "value": "site_config"
              },
              {
                "type": "index",
                "value": {
                  "value": 0,
                  "type": "number"
                }
              },
              {
                "type": "get_attr",
                "value": "application_stack"
              },
              {
                "type": "index",
                "value": {
                  "value": 0,
                  "type": "number"
                }
              },
              {
                "type": "get_attr",
                "value": "docker_registry_password"
              }
            ],
            [
              {
                "type": "get_attr",
                "value": "site_credential"
              }
            ]
          ],
          "identity_schema_version": 0,
          "private": "eyJlMmJmYjczMC1lY2FhLTExZTYtOGY4OC0zNDM2M2JjN2M0YzAiOnsiY3JlYXRlIjoxODAwMDAwMDAwMDAwLCJkZWxldGUiOjE4MDAwMDAwMDAwMDAsInJlYWQiOjMwMDAwMDAwMDAwMCwidXBkYXRlIjoxODAwMDAwMDAwMDAwfSwic2NoZW1hX3ZlcnNpb24iOiIxIn0=",
          "dependencies": [
            "azurerm_resource_group.bookhub",
            "module.app_runner.azurerm_linux_web_app.bookhub_backend",
            "module.app_runner.azurerm_service_plan.bookhub",
            "module.app_runner.random_string.suffix"
          ]
        }
      ]
    },
    {
      "module": "module.app_runner",
      "mode": "managed",
      "type": "azurerm_service_plan",
      "name": "bookhub",
      "provider": "provider[\"registry.terraform.io/hashicorp/azurerm\"]",
      "instances": [
        {
          "schema_version": 1,
          "attributes": {
            "app_service_environment_id": "",
            "id": "/subscriptions/727199d5-e58f-46c3-afe5-20bba32181f4/resourceGroups/bookhub_devops/providers/Microsoft.Web/serverFarms/bookhub-plan-9r7f",
            "kind": "linux",
            "location": "centralindia",
            "maximum_elastic_worker_count": 1,
            "name": "bookhub-plan-9r7f",
            "os_type": "Linux",
            "per_site_scaling_enabled": false,
            "reserved": true,
            "resource_group_name": "bookhub_devops",
            "sku_name": "F1",
            "tags": null,
            "timeouts": null,
            "worker_count": 1,
            "zone_balancing_enabled": false
          },
          "sensitive_attributes": [],
          "identity_schema_version": 0,
          "private": "eyJlMmJmYjczMC1lY2FhLTExZTYtOGY4OC0zNDM2M2JjN2M0YzAiOnsiY3JlYXRlIjozNjAwMDAwMDAwMDAwLCJkZWxldGUiOjM2MDAwMDAwMDAwMDAsInJlYWQiOjMwMDAwMDAwMDAwMCwidXBkYXRlIjozNjAwMDAwMDAwMDAwfSwic2NoZW1hX3ZlcnNpb24iOiIxIn0=",
          "dependencies": [
            "azurerm_resource_group.bookhub",
            "module.app_runner.random_string.suffix"
          ]
        }
      ]
    },
    {
      "module": "module.app_runner",
      "mode": "managed",
      "type": "random_string",
      "name": "suffix",
      "provider": "provider[\"registry.terraform.io/hashicorp/random\"]",
      "instances": [
        {
          "schema_version": 2,
          "attributes": {
            "id": "9r7f",
            "keepers": null,
            "length": 4,
            "lower": true,
            "min_lower": 0,
            "min_numeric": 0,
            "min_special": 0,
            "min_upper": 0,
            "number": true,
            "numeric": true,
            "override_special": null,
            "result": "9r7f",
            "special": false,
            "upper": false
          },
          "sensitive_attributes": [],
          "identity_schema_version": 0
        }
      ]
    }
  ],
  "check_results": null
}
